
Microsoft Visual Studio Solution File, Format Version 12.00
# Visual Studio 15
VisualStudioVersion = 15.0.28307.106
MinimumVisualStudioVersion = 10.0.40219.1
Project("{9A19103F-16F7-4668-BE54-9A1E7A4F7556}") = "Querier", "Querier\Querier.csproj", "{22B44342-4801-4A78-864A-9E903027EB02}"
EndProject
Project("{9A19103F-16F7-4668-BE54-9A1E7A4F7556}") = "Querier+", "Querier+\Querier+.csproj", "{232EFA5B-FD95-4D7C-9086-1A40B506532E}"
EndProject
Global
	GlobalSection(SolutionConfigurationPlatforms) = preSolution
		Debug|Any CPU = Debug|Any CPU
		Release|Any CPU = Release|Any CPU
	EndGlobalSection
	GlobalSection(ProjectConfigurationPlatforms) = postSolution
		{22B44342-4801-4A78-864A-9E903027EB02}.Debug|Any CPU.ActiveCfg = Debug|Any CPU
		{22B44342-4801-4A78-864A-9E903027EB02}.Debug|Any CPU.Build.0 = Debug|Any CPU
		{22B44342-4801-4A78-864A-9E903027EB02}.Release|Any CPU.ActiveCfg = Release|Any CPU
		{22B44342-4801-4A78-864A-9E903027EB02}.Release|Any CPU.Build.0 = Release|Any CPU
		{232EFA5B-FD95-4D7C-9086-1A40B506532E}.Debug|Any CPU.ActiveCfg = Debug|Any CPU
		{232EFA5B-FD95-4D7C-9086-1A40B506532E}.Debug|Any CPU.Build.0 = Debug|Any CPU
		{232EFA5B-FD95-4D7C-9086-1A40B506532E}.Release|Any CPU.ActiveCfg = Release|Any CPU
		{232EFA5B-FD95-4D7C-9086-1A40B506532E}.Release|Any CPU.Build.0 = Release|Any CPU
	EndGlobalSection
	GlobalSection(SolutionProperties) = preSolution
		HideSolutionNode = FALSE
	EndGlobalSection
	GlobalSection(ExtensibilityGlobals) = postSolution
		SolutionGuid = {243ADE60-2FFE-495A-997E-8259C3BCAB4C}
	EndGlobalSection
EndGlobal
